github.com/elastic/go-elasticsearch v0.0.0 h1:Pd5fqOuBxKxv83b0+xOAJDAkziWYwFinWnBO0y+TZaA=
github.com/elastic/go-elasticsearch/v8 v8.0.0-20200429055951-e9eb76d55d12 h1:MzWVDDyyAsT9yXAkuCQovqdDiZ+cAQTiXqkHdX7wzwo=
github.com/elastic/go-elasticsearch/v8 v8.0.0-20200429055951-e9eb76d55d12/go.mod h1:xe9a/L2aeOgFKKgrO3ibQTnMdpAeL0GC+5/HpGScSa4=
